
Microsoft Visual Studio Solution File, Format Version 12.00
# Visual Studio Version 17
VisualStudioVersion = 17.3.32819.101
MinimumVisualStudioVersion = 10.0.40219.1
Project("{FAE04EC0-301F-11D3-BF4B-00C04F79EFBC}") = "InitianPositionApp", "InitianPositionApp.csproj", "{2EDE6335-2886-475A-81D8-74B58C813A5A}"
EndProject
Global
	GlobalSection(SolutionConfigurationPlatforms) = preSolution
		Debug|Any CPU = Debug|Any CPU
		Release|Any CPU = Release|Any CPU
	EndGlobalSection
	GlobalSection(ProjectConfigurationPlatforms) = postSolution
		{2EDE6335-2886-475A-81D8-74B58C813A5A}.Debug|Any CPU.ActiveCfg = Debug|Any CPU
		{2EDE6335-2886-475A-81D8-74B58C813A5A}.Debug|Any CPU.Build.0 = Debug|Any CPU
		{2EDE6335-2886-475A-81D8-74B58C813A5A}.Release|Any CPU.ActiveCfg = Release|Any CPU
		{2EDE6335-2886-475A-81D8-74B58C813A5A}.Release|Any CPU.Build.0 = Release|Any CPU
	EndGlobalSection
	GlobalSection(SolutionProperties) = preSolution
		HideSolutionNode = FALSE
	EndGlobalSection
	GlobalSection(ExtensibilityGlobals) = postSolution
		SolutionGuid = {F1FD4379-6A56-4F9D-9905-6F05A59C2753}
	EndGlobalSection
EndGlobal
